// !$*UTF8*$!
{
	archiveVersion = 1;
	classes = {
	};
	objectVersion = 50;
	objects = {

/* Begin PBXBuildFile section */
		827F0F472272045800EF921E /* SearchFooterReusableView.swift in Sources */ = {isa = PBXBuildFile; fileRef = 827F0F462272045800EF921E /* SearchFooterReusableView.swift */; };
		827F0F4F2272F7EF00EF921E /* ImageCachingTests.swift in Sources */ = {isa = PBXBuildFile; fileRef = 827F0F4E2272F7EF00EF921E /* ImageCachingTests.swift */; };
		82D930552216AF5A00C59E89 /* AppDelegate.swift in Sources */ = {isa = PBXBuildFile; fileRef = 82D930542216AF5A00C59E89 /* AppDelegate.swift */; };
		82D930572216AF5A00C59E89 /* ViewController.swift in Sources */ = {isa = PBXBuildFile; fileRef = 82D930562216AF5A00C59E89 /* ViewController.swift */; };
		82D9305A2216AF5A00C59E89 /* Main.storyboard in Resources */ = {isa = PBXBuildFile; fileRef = 82D930582216AF5A00C59E89 /* Main.storyboard */; };
		82D9305C2216AF5C00C59E89 /* Assets.xcassets in Resources */ = {isa = PBXBuildFile; fileRef = 82D9305B2216AF5C00C59E89 /* Assets.xcassets */; };
		82D9305F2216AF5C00C59E89 /* LaunchScreen.storyboard in Resources */ = {isa = PBXBuildFile; fileRef = 82D9305D2216AF5C00C59E89 /* LaunchScreen.storyboard */; };
		82D930672216B04D00C59E89 /* ImageCollectionViewCell.swift in Sources */ = {isa = PBXBuildFile; fileRef = 82D930662216B04D00C59E89 /* ImageCollectionViewCell.swift */; };
		82D9306B2216BB6200C59E89 /* ViewModel.swift in Sources */ = {isa = PBXBuildFile; fileRef = 82D9306A2216BB6200C59E89 /* ViewModel.swift */; };
		82D9306D2216BEBD00C59E89 /* FlickrImage.swift in Sources */ = {isa = PBXBuildFile; fileRef = 82D9306C2216BEBD00C59E89 /* FlickrImage.swift */; };
		82D93071221943A000C59E89 /* ImageDownloader.swift in Sources */ = {isa = PBXBuildFile; fileRef = 82D93070221943A000C59E89 /* ImageDownloader.swift */; };
		82D930732219507900C59E89 /* KSOperation.swift in Sources */ = {isa = PBXBuildFile; fileRef = 82D930722219507900C59E89 /* KSOperation.swift */; };
		82F94E212275A036000C2B3B /* DataManager.swift in Sources */ = {isa = PBXBuildFile; fileRef = 82F94E202275A036000C2B3B /* DataManager.swift */; };
		82F94E232275A2BD000C2B3B /* UberAPI.swift in Sources */ = {isa = PBXBuildFile; fileRef = 82F94E222275A2BD000C2B3B /* UberAPI.swift */; };
		82FA7BD52276CCD80025DF40 /* fakeData.json in Resources */ = {isa = PBXBuildFile; fileRef = 82FA7BD42276CCD80025DF40 /* fakeData.json */; };
/* End PBXBuildFile section */

/* Begin PBXContainerItemProxy section */
		827F0F512272F7EF00EF921E /* PBXContainerItemProxy */ = {
			isa = PBXContainerItemProxy;
			containerPortal = 82D930492216AF5A00C59E89 /* Project object */;
			proxyType = 1;
			remoteGlobalIDString = 82D930502216AF5A00C59E89;
			remoteInfo = ImageCaching;
		};
/* End PBXContainerItemProxy section */

/* Begin PBXFileReference section */
		827F0F462272045800EF921E /* SearchFooterReusableView.swift */ = {isa = PBXFileReference; fileEncoding = 4; lastKnownFileType = sourcecode.swift; path = SearchFooterReusableView.swift; sourceTree = "<group>"; };
		827F0F4C2272F7EF00EF921E /* ImageCachingTests.xctest */ = {isa = PBXFileReference; explicitFileType = wrapper.cfbundle; includeInIndex = 0; path = ImageCachingTests.xctest; sourceTree = BUILT_PRODUCTS_DIR; };
		827F0F4E2272F7EF00EF921E /* ImageCachingTests.swift */ = {isa = PBXFileReference; lastKnownFileType = sourcecode.swift; path = ImageCachingTests.swift; sourceTree = "<group>"; };
		827F0F502272F7EF00EF921E /* Info.plist */ = {isa = PBXFileReference; lastKnownFileType = text.plist.xml; path = Info.plist; sourceTree = "<group>"; };
		82D930512216AF5A00C59E89 /* ImageCaching.app */ = {isa = PBXFileReference; explicitFileType = wrapper.application; includeInIndex = 0; path = ImageCaching.app; sourceTree = BUILT_PRODUCTS_DIR; };
		82D930542216AF5A00C59E89 /* AppDelegate.swift */ = {isa = PBXFileReference; lastKnownFileType = sourcecode.swift; path = AppDelegate.swift; sourceTree = "<group>"; };
		82D930562216AF5A00C59E89 /* ViewController.swift */ = {isa = PBXFileReference; lastKnownFileType = sourcecode.swift; path = ViewController.swift; sourceTree = "<group>"; };
		82D930592216AF5A00C59E89 /* Base */ = {isa = PBXFileReference; lastKnownFileType = file.storyboard; name = Base; path = Base.lproj/Main.storyboard; sourceTree = "<group>"; };
		82D9305B2216AF5C00C59E89 /* Assets.xcassets */ = {isa = PBXFileReference; lastKnownFileType = folder.assetcatalog; path = Assets.xcassets; sourceTree = "<group>"; };
		82D9305E2216AF5C00C59E89 /* Base */ = {isa = PBXFileReference; lastKnownFileType = file.storyboard; name = Base; path = Base.lproj/LaunchScreen.storyboard; sourceTree = "<group>"; };
		82D930602216AF5C00C59E89 /* Info.plist */ = {isa = PBXFileReference; lastKnownFileType = text.plist.xml; path = Info.plist; sourceTree = "<group>"; };
		82D930662216B04D00C59E89 /* ImageCollectionViewCell.swift */ = {isa = PBXFileReference; lastKnownFileType = sourcecode.swift; path = ImageCollectionViewCell.swift; sourceTree = "<group>"; };
		82D9306A2216BB6200C59E89 /* ViewModel.swift */ = {isa = PBXFileReference; lastKnownFileType = sourcecode.swift; path = ViewModel.swift; sourceTree = "<group>"; };
		82D9306C2216BEBD00C59E89 /* FlickrImage.swift */ = {isa = PBXFileReference; lastKnownFileType = sourcecode.swift; path = FlickrImage.swift; sourceTree = "<group>"; };
		82D93070221943A000C59E89 /* ImageDownloader.swift */ = {isa = PBXFileReference; lastKnownFileType = sourcecode.swift; path = ImageDownloader.swift; sourceTree = "<group>"; };
		82D930722219507900C59E89 /* KSOperation.swift */ = {isa = PBXFileReference; lastKnownFileType = sourcecode.swift; path = KSOperation.swift; sourceTree = "<group>"; };
		82F94E202275A036000C2B3B /* DataManager.swift */ = {isa = PBXFileReference; lastKnownFileType = sourcecode.swift; path = DataManager.swift; sourceTree = "<group>"; };
		82F94E222275A2BD000C2B3B /* UberAPI.swift */ = {isa = PBXFileReference; lastKnownFileType = sourcecode.swift; path = UberAPI.swift; sourceTree = "<group>"; };
		82FA7BD42276CCD80025DF40 /* fakeData.json */ = {isa = PBXFileReference; fileEncoding = 4; lastKnownFileType = text.json; path = fakeData.json; sourceTree = "<group>"; };
/* End PBXFileReference section */

/* Begin PBXFrameworksBuildPhase section */
		827F0F492272F7EF00EF921E /* Frameworks */ = {
			isa = PBXFrameworksBuildPhase;
			buildActionMask = 2147483647;
			files = (
			);
			runOnlyForDeploymentPostprocessing = 0;
		};
		82D9304E2216AF5A00C59E89 /* Frameworks */ = {
			isa = PBXFrameworksBuildPhase;
			buildActionMask = 2147483647;
			files = (
			);
			runOnlyForDeploymentPostprocessing = 0;
		};
/* End PBXFrameworksBuildPhase section */

/* Begin PBXGroup section */
		827F0F4D2272F7EF00EF921E /* ImageCachingTests */ = {
			isa = PBXGroup;
			children = (
				827F0F4E2272F7EF00EF921E /* ImageCachingTests.swift */,
				82FA7BD42276CCD80025DF40 /* fakeData.json */,
				827F0F502272F7EF00EF921E /* Info.plist */,
			);
			path = ImageCachingTests;
			sourceTree = "<group>";
		};
		82D930482216AF5A00C59E89 = {
			isa = PBXGroup;
			children = (
				82D930532216AF5A00C59E89 /* ImageCaching */,
				827F0F4D2272F7EF00EF921E /* ImageCachingTests */,
				82D930522216AF5A00C59E89 /* Products */,
			);
			sourceTree = "<group>";
		};
		82D930522216AF5A00C59E89 /* Products */ = {
			isa = PBXGroup;
			children = (
				82D930512216AF5A00C59E89 /* ImageCaching.app */,
				827F0F4C2272F7EF00EF921E /* ImageCachingTests.xctest */,
			);
			name = Products;
			sourceTree = "<group>";
		};
		82D930532216AF5A00C59E89 /* ImageCaching */ = {
			isa = PBXGroup;
			children = (
				82F94E1F2274B5C0000C2B3B /* Storyboards */,
				82F94E1E2274B5AF000C2B3B /* AppDelegate */,
				82F94E1C2274B578000C2B3B /* Services */,
				82F94E1A2274B51A000C2B3B /* View */,
				82F94E192274B4EB000C2B3B /* Controller */,
				82F94E182274B4C5000C2B3B /* Model */,
				82D9305B2216AF5C00C59E89 /* Assets.xcassets */,
				82D930602216AF5C00C59E89 /* Info.plist */,
			);
			path = ImageCaching;
			sourceTree = "<group>";
		};
		82F94E182274B4C5000C2B3B /* Model */ = {
			isa = PBXGroup;
			children = (
				82D9306C2216BEBD00C59E89 /* FlickrImage.swift */,
			);
			path = Model;
			sourceTree = "<group>";
		};
		82F94E192274B4EB000C2B3B /* Controller */ = {
			isa = PBXGroup;
			children = (
				82F94E1B2274B54C000C2B3B /* HomeController */,
			);
			path = Controller;
			sourceTree = "<group>";
		};
		82F94E1A2274B51A000C2B3B /* View */ = {
			isa = PBXGroup;
			children = (
				827F0F462272045800EF921E /* SearchFooterReusableView.swift */,
				82D930662216B04D00C59E89 /* ImageCollectionViewCell.swift */,
			);
			path = View;
			sourceTree = "<group>";
		};
		82F94E1B2274B54C000C2B3B /* HomeController */ = {
			isa = PBXGroup;
			children = (
				82D9306A2216BB6200C59E89 /* ViewModel.swift */,
				82D930562216AF5A00C59E89 /* ViewController.swift */,
			);
			path = HomeController;
			sourceTree = "<group>";
		};
		82F94E1C2274B578000C2B3B /* Services */ = {
			isa = PBXGroup;
			children = (
				82D93070221943A000C59E89 /* ImageDownloader.swift */,
				82D930722219507900C59E89 /* KSOperation.swift */,
				82F94E202275A036000C2B3B /* DataManager.swift */,
				82F94E222275A2BD000C2B3B /* UberAPI.swift */,
			);
			path = Services;
			sourceTree = "<group>";
		};
		82F94E1E2274B5AF000C2B3B /* AppDelegate */ = {
			isa = PBXGroup;
			children = (
				82D930542216AF5A00C59E89 /* AppDelegate.swift */,
			);
			path = AppDelegate;
			sourceTree = "<group>";
		};
		82F94E1F2274B5C0000C2B3B /* Storyboards */ = {
			isa = PBXGroup;
			children = (
				82D930582216AF5A00C59E89 /* Main.storyboard */,
				82D9305D2216AF5C00C59E89 /* LaunchScreen.storyboard */,
			);
			path = Storyboards;
			sourceTree = "<group>";
		};
/* End PBXGroup section */

/* Begin PBXNativeTarget section */
		827F0F4B2272F7EF00EF921E /* ImageCachingTests */ = {
			isa = PBXNativeTarget;
			buildConfigurationList = 827F0F532272F7EF00EF921E /* Build configuration list for PBXNativeTarget "ImageCachingTests" */;
			buildPhases = (
				827F0F482272F7EF00EF921E /* Sources */,
				827F0F492272F7EF00EF921E /* Frameworks */,
				827F0F4A2272F7EF00EF921E /* Resources */,
			);
			buildRules = (
			);
			dependencies = (
				827F0F522272F7EF00EF921E /* PBXTargetDependency */,
			);
			name = ImageCachingTests;
			productName = ImageCachingTests;
			productReference = 827F0F4C2272F7EF00EF921E /* ImageCachingTests.xctest */;
			productType = "com.apple.product-type.bundle.unit-test";
		};
		82D930502216AF5A00C59E89 /* ImageCaching */ = {
			isa = PBXNativeTarget;
			buildConfigurationList = 82D930632216AF5C00C59E89 /* Build configuration list for PBXNativeTarget "ImageCaching" */;
			buildPhases = (
				82D9304D2216AF5A00C59E89 /* Sources */,
				82D9304E2216AF5A00C59E89 /* Frameworks */,
				82D9304F2216AF5A00C59E89 /* Resources */,
			);
			buildRules = (
			);
			dependencies = (
			);
			name = ImageCaching;
			productName = ImageCaching;
			productReference = 82D930512216AF5A00C59E89 /* ImageCaching.app */;
			productType = "com.apple.product-type.application";
		};
/* End PBXNativeTarget section */

/* Begin PBXProject section */
		82D930492216AF5A00C59E89 /* Project object */ = {
			isa = PBXProject;
			attributes = {
				LastSwiftUpdateCheck = 1010;
				LastUpgradeCheck = 1010;
				ORGANIZATIONNAME = Kapil;
				TargetAttributes = {
					827F0F4B2272F7EF00EF921E = {
						CreatedOnToolsVersion = 10.1;
						TestTargetID = 82D930502216AF5A00C59E89;
					};
					82D930502216AF5A00C59E89 = {
						CreatedOnToolsVersion = 10.1;
					};
				};
			};
			buildConfigurationList = 82D9304C2216AF5A00C59E89 /* Build configuration list for PBXProject "ImageCaching" */;
			compatibilityVersion = "Xcode 9.3";
			developmentRegion = en;
			hasScannedForEncodings = 0;
			knownRegions = (
				en,
				Base,
			);
			mainGroup = 82D930482216AF5A00C59E89;
			productRefGroup = 82D930522216AF5A00C59E89 /* Products */;
			projectDirPath = "";
			projectRoot = "";
			targets = (
				82D930502216AF5A00C59E89 /* ImageCaching */,
				827F0F4B2272F7EF00EF921E /* ImageCachingTests */,
			);
		};
/* End PBXProject section */

/* Begin PBXResourcesBuildPhase section */
		827F0F4A2272F7EF00EF921E /* Resources */ = {
			isa = PBXResourcesBuildPhase;
			buildActionMask = 2147483647;
			files = (
				82FA7BD52276CCD80025DF40 /* fakeData.json in Resources */,
			);
			runOnlyForDeploymentPostprocessing = 0;
		};
		82D9304F2216AF5A00C59E89 /* Resources */ = {
			isa = PBXResourcesBuildPhase;
			buildActionMask = 2147483647;
			files = (
				82D9305F2216AF5C00C59E89 /* LaunchScreen.storyboard in Resources */,
				82D9305C2216AF5C00C59E89 /* Assets.xcassets in Resources */,
				82D9305A2216AF5A00C59E89 /* Main.storyboard in Resources */,
			);
			runOnlyForDeploymentPostprocessing = 0;
		};
/* End PBXResourcesBuildPhase section */

/* Begin PBXSourcesBuildPhase section */
		827F0F482272F7EF00EF921E /* Sources */ = {
			isa = PBXSourcesBuildPhase;
			buildActionMask = 2147483647;
			files = (
				827F0F4F2272F7EF00EF921E /* ImageCachingTests.swift in Sources */,
			);
			runOnlyForDeploymentPostprocessing = 0;
		};
		82D9304D2216AF5A00C59E89 /* Sources */ = {
			isa = PBXSourcesBuildPhase;
			buildActionMask = 2147483647;
			files = (
				82D9306B2216BB6200C59E89 /* ViewModel.swift in Sources */,
				82F94E212275A036000C2B3B /* DataManager.swift in Sources */,
				827F0F472272045800EF921E /* SearchFooterReusableView.swift in Sources */,
				82D930672216B04D00C59E89 /* ImageCollectionViewCell.swift in Sources */,
				82D93071221943A000C59E89 /* ImageDownloader.swift in Sources */,
				82F94E232275A2BD000C2B3B /* UberAPI.swift in Sources */,
				82D930732219507900C59E89 /* KSOperation.swift in Sources */,
				82D9306D2216BEBD00C59E89 /* FlickrImage.swift in Sources */,
				82D930572216AF5A00C59E89 /* ViewController.swift in Sources */,
				82D930552216AF5A00C59E89 /* AppDelegate.swift in Sources */,
			);
			runOnlyForDeploymentPostprocessing = 0;
		};
/* End PBXSourcesBuildPhase section */

/* Begin PBXTargetDependency section */
		827F0F522272F7EF00EF921E /* PBXTargetDependency */ = {
			isa = PBXTargetDependency;
			target = 82D930502216AF5A00C59E89 /* ImageCaching */;
			targetProxy = 827F0F512272F7EF00EF921E /* PBXContainerItemProxy */;
		};
/* End PBXTargetDependency section */

/* Begin PBXVariantGroup section */
		82D930582216AF5A00C59E89 /* Main.storyboard */ = {
			isa = PBXVariantGroup;
			children = (
				82D930592216AF5A00C59E89 /* Base */,
			);
			name = Main.storyboard;
			sourceTree = "<group>";
		};
		82D9305D2216AF5C00C59E89 /* LaunchScreen.storyboard */ = {
			isa = PBXVariantGroup;
			children = (
				82D9305E2216AF5C00C59E89 /* Base */,
			);
			name = LaunchScreen.storyboard;
			sourceTree = "<group>";
		};
/* End PBXVariantGroup section */

/* Begin XCBuildConfiguration section */
		827F0F542272F7EF00EF921E /* Debug */ = {
			isa = XCBuildConfiguration;
			buildSettings = {
				BUNDLE_LOADER = "$(TEST_HOST)";
				CODE_SIGN_STYLE = Automatic;
				DEVELOPMENT_TEAM = ADK29Q5RWJ;
				INFOPLIST_FILE = ImageCachingTests/Info.plist;
				LD_RUNPATH_SEARCH_PATHS = (
					"$(inherited)",
					"@executable_path/Frameworks",
					"@loader_path/Frameworks",
				);
				PRODUCT_BUNDLE_IDENTIFIER = com.kaps.ImageCachingTests;
				PRODUCT_NAME = "$(TARGET_NAME)";
				SWIFT_VERSION = 4.2;
				TARGETED_DEVICE_FAMILY = "1,2";
				TEST_HOST = "$(BUILT_PRODUCTS_DIR)/ImageCaching.app/ImageCaching";
			};
			name = Debug;
		};
		827F0F552272F7EF00EF921E /* Release */ = {
			isa = XCBuildConfiguration;
			buildSettings = {
				BUNDLE_LOADER = "$(TEST_HOST)";
				CODE_SIGN_STYLE = Automatic;
				DEVELOPMENT_TEAM = ADK29Q5RWJ;
				INFOPLIST_FILE = ImageCachingTests/Info.plist;
				LD_RUNPATH_SEARCH_PATHS = (
					"$(inherited)",
					"@executable_path/Frameworks",
					"@loader_path/Frameworks",
				);
				PRODUCT_BUNDLE_IDENTIFIER = com.kaps.ImageCachingTests;
				PRODUCT_NAME = "$(TARGET_NAME)";
				SWIFT_VERSION = 4.2;
				TARGETED_DEVICE_FAMILY = "1,2";
				TEST_HOST = "$(BUILT_PRODUCTS_DIR)/ImageCaching.app/ImageCaching";
			};
			name = Release;
		};
		82D930612216AF5C00C59E89 /* Debug */ = {
			isa = XCBuildConfiguration;
			buildSettings = {
				ALWAYS_SEARCH_USER_PATHS = NO;
				CLANG_ANALYZER_NONNULL = YES;
				CLANG_ANALYZER_NUMBER_OBJECT_CONVERSION = YES_AGGRESSIVE;
				CLANG_CXX_LANGUAGE_STANDARD = "gnu++14";
				CLANG_CXX_LIBRARY = "libc++";
				CLANG_ENABLE_MODULES = YES;
				CLANG_ENABLE_OBJC_ARC = YES;
				CLANG_ENABLE_OBJC_WEAK = YES;
				CLANG_WARN_BLOCK_CAPTURE_AUTORELEASING = YES;
				CLANG_WARN_BOOL_CONVERSION = YES;
				CLANG_WARN_COMMA = YES;
				CLANG_WARN_CONSTANT_CONVERSION = YES;
				CLANG_WARN_DEPRECATED_OBJC_IMPLEMENTATIONS = YES;
				CLANG_WARN_DIRECT_OBJC_ISA_USAGE = YES_ERROR;
				CLANG_WARN_DOCUMENTATION_COMMENTS = YES;
				CLANG_WARN_EMPTY_BODY = YES;
				CLANG_WARN_ENUM_CONVERSION = YES;
				CLANG_WARN_INFINITE_RECURSION = YES;
				CLANG_WARN_INT_CONVERSION = YES;
				CLANG_WARN_NON_LITERAL_NULL_CONVERSION = YES;
				CLANG_WARN_OBJC_IMPLICIT_RETAIN_SELF = YES;
				CLANG_WARN_OBJC_LITERAL_CONVERSION = YES;
				CLANG_WARN_OBJC_ROOT_CLASS = YES_ERROR;
				CLANG_WARN_RANGE_LOOP_ANALYSIS = YES;
				CLANG_WARN_STRICT_PROTOTYPES = YES;
				CLANG_WARN_SUSPICIOUS_MOVE = YES;
				CLANG_WARN_UNGUARDED_AVAILABILITY = YES_AGGRESSIVE;
				CLANG_WARN_UNREACHABLE_CODE = YES;
				CLANG_WARN__DUPLICATE_METHOD_MATCH = YES;
				CODE_SIGN_IDENTITY = "iPhone Developer";
				COPY_PHASE_STRIP = NO;
				DEBUG_INFORMATION_FORMAT = dwarf;
				ENABLE_STRICT_OBJC_MSGSEND = YES;
				ENABLE_TESTABILITY = YES;
				GCC_C_LANGUAGE_STANDARD = gnu11;
				GCC_DYNAMIC_NO_PIC = NO;
				GCC_NO_COMMON_BLOCKS = YES;
				GCC_OPTIMIZATION_LEVEL = 0;
				GCC_PREPROCESSOR_DEFINITIONS = (
					"DEBUG=1",
					"$(inherited)",
				);
				GCC_WARN_64_TO_32_BIT_CONVERSION = YES;
				GCC_WARN_ABOUT_RETURN_TYPE = YES_ERROR;
				GCC_WARN_UNDECLARED_SELECTOR = YES;
				GCC_WARN_UNINITIALIZED_AUTOS = YES_AGGRESSIVE;
				GCC_WARN_UNUSED_FUNCTION = YES;
				GCC_WARN_UNUSED_VARIABLE = YES;
				IPHONEOS_DEPLOYMENT_TARGET = 12.1;
				MTL_ENABLE_DEBUG_INFO = INCLUDE_SOURCE;
				MTL_FAST_MATH = YES;
				ONLY_ACTIVE_ARCH = YES;
				SDKROOT = iphoneos;
				SWIFT_ACTIVE_COMPILATION_CONDITIONS = DEBUG;
				SWIFT_OPTIMIZATION_LEVEL = "-Onone";
			};
			name = Debug;
		};
		82D930622216AF5C00C59E89 /* Release */ = {
			isa = XCBuildConfiguration;
			buildSettings = {
				ALWAYS_SEARCH_USER_PATHS = NO;
				CLANG_ANALYZER_NONNULL = YES;
				CLANG_ANALYZER_NUMBER_OBJECT_CONVERSION = YES_AGGRESSIVE;
				CLANG_CXX_LANGUAGE_STANDARD = "gnu++14";
				CLANG_CXX_LIBRARY = "libc++";
				CLANG_ENABLE_MODULES = YES;
				CLANG_ENABLE_OBJC_ARC = YES;
				CLANG_ENABLE_OBJC_WEAK = YES;
				CLANG_WARN_BLOCK_CAPTURE_AUTORELEASING = YES;
				CLANG_WARN_BOOL_CONVERSION = YES;
				CLANG_WARN_COMMA = YES;
				CLANG_WARN_CONSTANT_CONVERSION = YES;
				CLANG_WARN_DEPRECATED_OBJC_IMPLEMENTATIONS = YES;
				CLANG_WARN_DIRECT_OBJC_ISA_USAGE = YES_ERROR;
				CLANG_WARN_DOCUMENTATION_COMMENTS = YES;
				CLANG_WARN_EMPTY_BODY = YES;
				CLANG_WARN_ENUM_CONVERSION = YES;
				CLANG_WARN_INFINITE_RECURSION = YES;
				CLANG_WARN_INT_CONVERSION = YES;
				CLANG_WARN_NON_LITERAL_NULL_CONVERSION = YES;
				CLANG_WARN_OBJC_IMPLICIT_RETAIN_SELF = YES;
				CLANG_WARN_OBJC_LITERAL_CONVERSION = YES;
				CLANG_WARN_OBJC_ROOT_CLASS = YES_ERROR;
				CLANG_WARN_RANGE_LOOP_ANALYSIS = YES;
				CLANG_WARN_STRICT_PROTOTYPES = YES;
				CLANG_WARN_SUSPICIOUS_MOVE = YES;
				CLANG_WARN_UNGUARDED_AVAILABILITY = YES_AGGRESSIVE;
				CLANG_WARN_UNREACHABLE_CODE = YES;
				CLANG_WARN__DUPLICATE_METHOD_MATCH = YES;
				CODE_SIGN_IDENTITY = "iPhone Developer";
				COPY_PHASE_STRIP = NO;
				DEBUG_INFORMATION_FORMAT = "dwarf-with-dsym";
				ENABLE_NS_ASSERTIONS = NO;
				ENABLE_STRICT_OBJC_MSGSEND = YES;
				GCC_C_LANGUAGE_STANDARD = gnu11;
				GCC_NO_COMMON_BLOCKS = YES;
				GCC_WARN_64_TO_32_BIT_CONVERSION = YES;
				GCC_WARN_ABOUT_RETURN_TYPE = YES_ERROR;
				GCC_WARN_UNDECLARED_SELECTOR = YES;
				GCC_WARN_UNINITIALIZED_AUTOS = YES_AGGRESSIVE;
				GCC_WARN_UNUSED_FUNCTION = YES;
				GCC_WARN_UNUSED_VARIABLE = YES;
				IPHONEOS_DEPLOYMENT_TARGET = 12.1;
				MTL_ENABLE_DEBUG_INFO = NO;
				MTL_FAST_MATH = YES;
				SDKROOT = iphoneos;
				SWIFT_COMPILATION_MODE = wholemodule;
				SWIFT_OPTIMIZATION_LEVEL = "-O";
				VALIDATE_PRODUCT = YES;
			};
			name = Release;
		};
		82D930642216AF5C00C59E89 /* Debug */ = {
			isa = XCBuildConfiguration;
			buildSettings = {
				ASSETCATALOG_COMPILER_APPICON_NAME = AppIcon;
				CODE_SIGN_STYLE = Automatic;
				DEVELOPMENT_TEAM = Y32EDF4BJ4;
				INFOPLIST_FILE = ImageCaching/Info.plist;
				LD_RUNPATH_SEARCH_PATHS = (
					"$(inherited)",
					"@executable_path/Frameworks",
				);
				PRODUCT_BUNDLE_IDENTIFIER = com.kaps.ImageCaching;
				PRODUCT_NAME = "$(TARGET_NAME)";
				SWIFT_VERSION = 4.2;
				TARGETED_DEVICE_FAMILY = "1,2";
			};
			name = Debug;
		};
		82D930652216AF5C00C59E89 /* Release */ = {
			isa = XCBuildConfiguration;
			buildSettings = {
				ASSETCATALOG_COMPILER_APPICON_NAME = AppIcon;
				CODE_SIGN_STYLE = Automatic;
				DEVELOPMENT_TEAM = Y32EDF4BJ4;
				INFOPLIST_FILE = ImageCaching/Info.plist;
				LD_RUNPATH_SEARCH_PATHS = (
					"$(inherited)",
					"@executable_path/Frameworks",
				);
				PRODUCT_BUNDLE_IDENTIFIER = com.kaps.ImageCaching;
				PRODUCT_NAME = "$(TARGET_NAME)";
				SWIFT_VERSION = 4.2;
				TARGETED_DEVICE_FAMILY = "1,2";
			};
			name = Release;
		};
/* End XCBuildConfiguration section */

/* Begin XCConfigurationList section */
		827F0F532272F7EF00EF921E /* Build configuration list for PBXNativeTarget "ImageCachingTests" */ = {
			isa = XCConfigurationList;
			buildConfigurations = (
				827F0F542272F7EF00EF921E /* Debug */,
				827F0F552272F7EF00EF921E /* Release */,
			);
			defaultConfigurationIsVisible = 0;
			defaultConfigurationName = Release;
		};
		82D9304C2216AF5A00C59E89 /* Build configuration list for PBXProject "ImageCaching" */ = {
			isa = XCConfigurationList;
			buildConfigurations = (
				82D930612216AF5C00C59E89 /* Debug */,
				82D930622216AF5C00C59E89 /* Release */,
			);
			defaultConfigurationIsVisible = 0;
			defaultConfigurationName = Release;
		};
		82D930632216AF5C00C59E89 /* Build configuration list for PBXNativeTarget "ImageCaching" */ = {
			isa = XCConfigurationList;
			buildConfigurations = (
				82D930642216AF5C00C59E89 /* Debug */,
				82D930652216AF5C00C59E89 /* Release */,
			);
			defaultConfigurationIsVisible = 0;
			defaultConfigurationName = Release;
		};
/* End XCConfigurationList section */
	};
	rootObject = 82D930492216AF5A00C59E89 /* Project object */;
}
